<?xml version="1.0" encoding="utf-8"?>
<Project ToolsVersion="4.0" xmlns="http://schemas.microsoft.com/developer/msbuild/2003">
  <ItemGroup>
    <Filter Include="File di origine">
      <UniqueIdentifier>{4FC737F1-C7A5-4376-A066-2A32D752A2FF}</UniqueIdentifier>
      <Extensions>cpp;c;cc;cxx;def;odl;idl;hpj;bat;asm;asmx</Extensions>
    </Filter>
    <Filter Include="File di intestazione">
      <UniqueIdentifier>{93995380-89BD-4b04-88EB-625FBE52EBFB}</UniqueIdentifier>
      <Extensions>h;hpp;hxx;hm;inl;inc;xsd</Extensions>
    </Filter>
    <Filter Include="File di risorse">
      <UniqueIdentifier>{67DA6AB6-F800-4c08-8B7A-83BB121AAD01}</UniqueIdentifier>
      <Extensions>rc;ico;cur;bmp;dlg;rc2;rct;bin;rgs;gif;jpg;jpeg;jpe;resx;tiff;tif;png;wav;mfcribbon-ms</Extensions>
    </Filter>
    <Filter Include="File di intestazione\window">
      <UniqueIdentifier>{b9af6d67-8bf9-4bc8-9ca3-c3c9b0df96a8}</UniqueIdentifier>
    </Filter>
    <Filter Include="File di origine\window">
      <UniqueIdentifier>{a4a011df-7e43-49f0-aaa6-a432da2da351}</UniqueIdentifier>
    </Filter>
    <Filter Include="File di origine\image">
      <UniqueIdentifier>{94d61a12-ab20-4d0a-8a1f-1d43e3345049}</UniqueIdentifier>
    </Filter>
    <Filter Include="File di origine\thread">
      <UniqueIdentifier>{5b2f3882-f0f0-4ea6-b0ba-9285fbf10526}</UniqueIdentifier>
    </Filter>
  </ItemGroup>
  <ItemGroup>
    <ClCompile Include="src\Application.cpp">
      <Filter>File di origine</Filter>
    </ClCompile>
    <ClCompile Include="src\Camera.cpp">
      <Filter>File di origine</Filter>
    </ClCompile>
    <ClCompile Include="src\Debug.cpp">
      <Filter>File di origine</Filter>
    </ClCompile>
    <ClCompile Include="src\EString.cpp">
      <Filter>File di origine</Filter>
    </ClCompile>
    <ClCompile Include="src\ETime.cpp">
      <Filter>File di origine</Filter>
    </ClCompile>
    <ClCompile Include="src\Input.cpp">
      <Filter>File di origine</Filter>
    </ClCompile>
    <ClCompile Include="src\Math2D.cpp">
      <Filter>File di origine</Filter>
    </ClCompile>
    <ClCompile Include="src\Screen.cpp">
      <Filter>File di origine</Filter>
    </ClCompile>
    <ClCompile Include="src\Timer.cpp">
      <Filter>File di origine</Filter>
    </ClCompile>
    <ClCompile Include="src\Utility.cpp">
      <Filter>File di origine</Filter>
    </ClCompile>
    <ClCompile Include="src\window\OpenGLWindow.cpp">
      <Filter>File di origine\window</Filter>
    </ClCompile>
    <ClCompile Include="src\window\WindowsApp.cpp">
      <Filter>File di origine\window</Filter>
    </ClCompile>
    <ClCompile Include="src\window\WindowsInput.cpp">
      <Filter>File di origine\window</Filter>
    </ClCompile>
    <ClCompile Include="src\window\WindowsScreen.cpp">
      <Filter>File di origine\window</Filter>
    </ClCompile>
    <ClCompile Include="src\Image\lodepng.cpp">
      <Filter>File di origine\image</Filter>
    </ClCompile>
    <ClCompile Include="src\window\stdafx.cpp">
      <Filter>File di origine\window</Filter>
    </ClCompile>
    <ClCompile Include="src\MainInstance.cpp">
      <Filter>File di origine</Filter>
    </ClCompile>
    <ClCompile Include="main.cpp">
      <Filter>File di risorse</Filter>
    </ClCompile>
  </ItemGroup>
  <ItemGroup>
    <ClInclude Include="include\Application.h">
      <Filter>File di intestazione</Filter>
    </ClInclude>
    <ClInclude Include="include\Camera.h">
      <Filter>File di intestazione</Filter>
    </ClInclude>
    <ClInclude Include="include\Config.h">
      <Filter>File di intestazione</Filter>
    </ClInclude>
    <ClInclude Include="include\Debug.h">
      <Filter>File di intestazione</Filter>
    </ClInclude>
    <ClInclude Include="include\Easy2D.h">
      <Filter>File di intestazione</Filter>
    </ClInclude>
    <ClInclude Include="include\EString.h">
      <Filter>File di intestazione</Filter>
    </ClInclude>
    <ClInclude Include="include\ETime.h">
      <Filter>File di intestazione</Filter>
    </ClInclude>
    <ClInclude Include="include\Input.h">
      <Filter>File di intestazione</Filter>
    </ClInclude>
    <ClInclude Include="include\Math2D.h">
      <Filter>File di intestazione</Filter>
    </ClInclude>
    <ClInclude Include="include\Screen.h">
      <Filter>File di intestazione</Filter>
    </ClInclude>
    <ClInclude Include="include\Timer.h">
      <Filter>File di intestazione</Filter>
    </ClInclude>
    <ClInclude Include="include\Types.h">
      <Filter>File di intestazione</Filter>
    </ClInclude>
    <ClInclude Include="include\Utility.h">
      <Filter>File di intestazione</Filter>
    </ClInclude>
    <ClInclude Include="include\window\gletx_header.h">
      <Filter>File di intestazione\window</Filter>
    </ClInclude>
    <ClInclude Include="include\window\OpenGLWindow.h">
      <Filter>File di intestazione\window</Filter>
    </ClInclude>
    <ClInclude Include="include\window\WindowsApp.h">
      <Filter>File di intestazione\window</Filter>
    </ClInclude>
    <ClInclude Include="include\window\WindowsInput.h">
      <Filter>File di intestazione\window</Filter>
    </ClInclude>
    <ClInclude Include="include\window\WindowsScreen.h">
      <Filter>File di intestazione\window</Filter>
    </ClInclude>
    <ClInclude Include="src\Image\Image.h">
      <Filter>File di origine\image</Filter>
    </ClInclude>
    <ClInclude Include="src\Image\lodepng.h">
      <Filter>File di origine\image</Filter>
    </ClInclude>
    <ClInclude Include="src\Thread\Mutex.h">
      <Filter>File di origine\thread</Filter>
    </ClInclude>
    <ClInclude Include="src\Thread\MutexConf.h">
      <Filter>File di origine\thread</Filter>
    </ClInclude>
    <ClInclude Include="src\Thread\Thread.h">
      <Filter>File di origine\thread</Filter>
    </ClInclude>
    <ClInclude Include="src\Thread\ThreadConf.h">
      <Filter>File di origine\thread</Filter>
    </ClInclude>
    <ClInclude Include="stdafx.h">
      <Filter>File di risorse</Filter>
    </ClInclude>
    <ClInclude Include="include\MainInstance.h">
      <Filter>File di intestazione</Filter>
    </ClInclude>
  </ItemGroup>
  <ItemGroup>
    <None Include="src\Image\Image.inl">
      <Filter>File di origine\image</Filter>
    </None>
    <None Include="src\Thread\MutexPOSIX.inl">
      <Filter>File di origine\thread</Filter>
    </None>
    <None Include="src\Thread\MutexWin32.inl">
      <Filter>File di origine\thread</Filter>
    </None>
    <None Include="src\Thread\ThreadPOSIX.inl">
      <Filter>File di origine\thread</Filter>
    </None>
    <None Include="src\Thread\ThreadWin32.inl">
      <Filter>File di origine\thread</Filter>
    </None>
  </ItemGroup>
</Project>